// !$*UTF8*$!
{
	archiveVersion = 1;
	classes = {
	};
	objectVersion = 55;
	objects = {

/* Begin PBXBuildFile section */
		591C346329B6DC0E00EAA454 /* BurnOBJECTIVEC.swift in Sources */ = {isa = PBXBuildFile; fileRef = 591C346129B6DC0E00EAA454 /* BurnOBJECTIVEC.swift */; };
		594D34BB29B195370021ED55 /* AfterburnerApp.swift in Sources */ = {isa = PBXBuildFile; fileRef = 594D34BA29B195370021ED55 /* AfterburnerApp.swift */; };
		594D34BD29B195370021ED55 /* ContentView.swift in Sources */ = {isa = PBXBuildFile; fileRef = 594D34BC29B195370021ED55 /* ContentView.swift */; };
		594D34BF29B195380021ED55 /* Assets.xcassets in Resources */ = {isa = PBXBuildFile; fileRef = 594D34BE29B195380021ED55 /* Assets.xcassets */; };
		594D34C229B195380021ED55 /* Preview Assets.xcassets in Resources */ = {isa = PBXBuildFile; fileRef = 594D34C129B195380021ED55 /* Preview Assets.xcassets */; };
		594D34D029B195550021ED55 /* Cocoa.framework in Frameworks */ = {isa = PBXBuildFile; fileRef = 594D34CF29B195550021ED55 /* Cocoa.framework */; };
		594D34D529B195550021ED55 /* SourceEditorExtension.swift in Sources */ = {isa = PBXBuildFile; fileRef = 594D34D429B195550021ED55 /* SourceEditorExtension.swift */; };
		594D34D729B195550021ED55 /* BurnSWIFT.swift in Sources */ = {isa = PBXBuildFile; fileRef = 594D34D629B195550021ED55 /* BurnSWIFT.swift */; };
		594D34DC29B195550021ED55 /* Afterburner For Xcode.appex in Embed Foundation Extensions */ = {isa = PBXBuildFile; fileRef = 594D34CD29B195550021ED55 /* Afterburner For Xcode.appex */; settings = {ATTRIBUTES = (RemoveHeadersOnCopy, ); }; };
		594D34E129B1955A0021ED55 /* XcodeKit.framework in Frameworks */ = {isa = PBXBuildFile; fileRef = 594D34D129B195550021ED55 /* XcodeKit.framework */; };
		594D34E229B1955A0021ED55 /* XcodeKit.framework in Embed Frameworks */ = {isa = PBXBuildFile; fileRef = 594D34D129B195550021ED55 /* XcodeKit.framework */; settings = {ATTRIBUTES = (CodeSignOnCopy, RemoveHeadersOnCopy, ); }; };
		5986C8EB29B8C74B00AD8829 /* OpenAIConnector.swift in Sources */ = {isa = PBXBuildFile; fileRef = 5986C8E829B8C74A00AD8829 /* OpenAIConnector.swift */; };
		5986C8ED29B8C74B00AD8829 /* OpenAIConnector_Guts.swift in Sources */ = {isa = PBXBuildFile; fileRef = 5986C8EA29B8C74A00AD8829 /* OpenAIConnector_Guts.swift */; };
		5986C8EF29B8C75400AD8829 /* OpenAIResponseHandler.swift in Sources */ = {isa = PBXBuildFile; fileRef = 5986C8EE29B8C75400AD8829 /* OpenAIResponseHandler.swift */; };
		5986C8F029B8C78300AD8829 /* OpenAIConnector.swift in Sources */ = {isa = PBXBuildFile; fileRef = 5986C8E829B8C74A00AD8829 /* OpenAIConnector.swift */; };
		5986C8F129B8C78500AD8829 /* OpenAIConnector_Guts.swift in Sources */ = {isa = PBXBuildFile; fileRef = 5986C8EA29B8C74A00AD8829 /* OpenAIConnector_Guts.swift */; };
		5986C8F229B8C78800AD8829 /* OpenAIResponseHandler.swift in Sources */ = {isa = PBXBuildFile; fileRef = 5986C8EE29B8C75400AD8829 /* OpenAIResponseHandler.swift */; };
		5986C8FA29B97E2E00AD8829 /* Burner.swift in Sources */ = {isa = PBXBuildFile; fileRef = 5986C8F929B97E2E00AD8829 /* Burner.swift */; };
/* End PBXBuildFile section */

/* Begin PBXContainerItemProxy section */
		594D34DA29B195550021ED55 /* PBXContainerItemProxy */ = {
			isa = PBXContainerItemProxy;
			containerPortal = 594D34AF29B195370021ED55 /* Project object */;
			proxyType = 1;
			remoteGlobalIDString = 594D34CC29B195550021ED55;
			remoteInfo = XcodeExtension;
		};
/* End PBXContainerItemProxy section */

/* Begin PBXCopyFilesBuildPhase section */
		594D34E029B195550021ED55 /* Embed Foundation Extensions */ = {
			isa = PBXCopyFilesBuildPhase;
			buildActionMask = 2147483647;
			dstPath = "";
			dstSubfolderSpec = 13;
			files = (
				594D34DC29B195550021ED55 /* Afterburner For Xcode.appex in Embed Foundation Extensions */,
			);
			name = "Embed Foundation Extensions";
			runOnlyForDeploymentPostprocessing = 0;
		};
		594D34E329B1955A0021ED55 /* Embed Frameworks */ = {
			isa = PBXCopyFilesBuildPhase;
			buildActionMask = 2147483647;
			dstPath = "";
			dstSubfolderSpec = 10;
			files = (
				594D34E229B1955A0021ED55 /* XcodeKit.framework in Embed Frameworks */,
			);
			name = "Embed Frameworks";
			runOnlyForDeploymentPostprocessing = 0;
		};
/* End PBXCopyFilesBuildPhase section */

/* Begin PBXFileReference section */
		591C346129B6DC0E00EAA454 /* BurnOBJECTIVEC.swift */ = {isa = PBXFileReference; lastKnownFileType = sourcecode.swift; path = BurnOBJECTIVEC.swift; sourceTree = "<group>"; };
		594D34B729B195370021ED55 /* Afterburner.app */ = {isa = PBXFileReference; explicitFileType = wrapper.application; includeInIndex = 0; path = Afterburner.app; sourceTree = BUILT_PRODUCTS_DIR; };
		594D34BA29B195370021ED55 /* AfterburnerApp.swift */ = {isa = PBXFileReference; lastKnownFileType = sourcecode.swift; path = AfterburnerApp.swift; sourceTree = "<group>"; };
		594D34BC29B195370021ED55 /* ContentView.swift */ = {isa = PBXFileReference; lastKnownFileType = sourcecode.swift; path = ContentView.swift; sourceTree = "<group>"; };
		594D34BE29B195380021ED55 /* Assets.xcassets */ = {isa = PBXFileReference; lastKnownFileType = folder.assetcatalog; path = Assets.xcassets; sourceTree = "<group>"; };
		594D34C129B195380021ED55 /* Preview Assets.xcassets */ = {isa = PBXFileReference; lastKnownFileType = folder.assetcatalog; path = "Preview Assets.xcassets"; sourceTree = "<group>"; };
		594D34C329B195380021ED55 /* Entitlements.entitlements */ = {isa = PBXFileReference; lastKnownFileType = text.plist.entitlements; path = Entitlements.entitlements; sourceTree = "<group>"; };
		594D34CD29B195550021ED55 /* Afterburner For Xcode.appex */ = {isa = PBXFileReference; explicitFileType = "wrapper.app-extension"; includeInIndex = 0; path = "Afterburner For Xcode.appex"; sourceTree = BUILT_PRODUCTS_DIR; };
		594D34CF29B195550021ED55 /* Cocoa.framework */ = {isa = PBXFileReference; lastKnownFileType = wrapper.framework; name = Cocoa.framework; path = System/Library/Frameworks/Cocoa.framework; sourceTree = SDKROOT; };
		594D34D129B195550021ED55 /* XcodeKit.framework */ = {isa = PBXFileReference; lastKnownFileType = wrapper.framework; name = XcodeKit.framework; path = Library/Frameworks/XcodeKit.framework; sourceTree = DEVELOPER_DIR; };
		594D34D429B195550021ED55 /* SourceEditorExtension.swift */ = {isa = PBXFileReference; lastKnownFileType = sourcecode.swift; path = SourceEditorExtension.swift; sourceTree = "<group>"; };
		594D34D629B195550021ED55 /* BurnSWIFT.swift */ = {isa = PBXFileReference; lastKnownFileType = sourcecode.swift; path = BurnSWIFT.swift; sourceTree = "<group>"; };
		594D34D829B195550021ED55 /* Info.plist */ = {isa = PBXFileReference; lastKnownFileType = text.plist.xml; path = Info.plist; sourceTree = "<group>"; };
		594D34D929B195550021ED55 /* XcodeExtension.entitlements */ = {isa = PBXFileReference; lastKnownFileType = text.plist.entitlements; path = XcodeExtension.entitlements; sourceTree = "<group>"; };
		5986C8E829B8C74A00AD8829 /* OpenAIConnector.swift */ = {isa = PBXFileReference; fileEncoding = 4; lastKnownFileType = sourcecode.swift; path = OpenAIConnector.swift; sourceTree = "<group>"; };
		5986C8EA29B8C74A00AD8829 /* OpenAIConnector_Guts.swift */ = {isa = PBXFileReference; fileEncoding = 4; lastKnownFileType = sourcecode.swift; path = OpenAIConnector_Guts.swift; sourceTree = "<group>"; };
		5986C8EE29B8C75400AD8829 /* OpenAIResponseHandler.swift */ = {isa = PBXFileReference; fileEncoding = 4; lastKnownFileType = sourcecode.swift; path = OpenAIResponseHandler.swift; sourceTree = "<group>"; };
		5986C8F929B97E2E00AD8829 /* Burner.swift */ = {isa = PBXFileReference; lastKnownFileType = sourcecode.swift; path = Burner.swift; sourceTree = "<group>"; };
/* End PBXFileReference section */

/* Begin PBXFrameworksBuildPhase section */
		594D34B429B195370021ED55 /* Frameworks */ = {
			isa = PBXFrameworksBuildPhase;
			buildActionMask = 2147483647;
			files = (
			);
			runOnlyForDeploymentPostprocessing = 0;
		};
		594D34CA29B195550021ED55 /* Frameworks */ = {
			isa = PBXFrameworksBuildPhase;
			buildActionMask = 2147483647;
			files = (
				594D34D029B195550021ED55 /* Cocoa.framework in Frameworks */,
				594D34E129B1955A0021ED55 /* XcodeKit.framework in Frameworks */,
			);
			runOnlyForDeploymentPostprocessing = 0;
		};
/* End PBXFrameworksBuildPhase section */

/* Begin PBXGroup section */
		594D34AE29B195370021ED55 = {
			isa = PBXGroup;
			children = (
				594D34E429B195760021ED55 /* Shared */,
				594D34B929B195370021ED55 /* Afterburner */,
				594D34D329B195550021ED55 /* XcodeExtension */,
				594D34CE29B195550021ED55 /* Frameworks */,
				594D34B829B195370021ED55 /* Products */,
			);
			sourceTree = "<group>";
		};
		594D34B829B195370021ED55 /* Products */ = {
			isa = PBXGroup;
			children = (
				594D34B729B195370021ED55 /* Afterburner.app */,
				594D34CD29B195550021ED55 /* Afterburner For Xcode.appex */,
			);
			name = Products;
			sourceTree = "<group>";
		};
		594D34B929B195370021ED55 /* Afterburner */ = {
			isa = PBXGroup;
			children = (
				594D34BA29B195370021ED55 /* AfterburnerApp.swift */,
				594D34BC29B195370021ED55 /* ContentView.swift */,
				594D34BE29B195380021ED55 /* Assets.xcassets */,
				594D34C329B195380021ED55 /* Entitlements.entitlements */,
				594D34C029B195380021ED55 /* Preview Content */,
			);
			path = Afterburner;
			sourceTree = "<group>";
		};
		594D34C029B195380021ED55 /* Preview Content */ = {
			isa = PBXGroup;
			children = (
				594D34C129B195380021ED55 /* Preview Assets.xcassets */,
			);
			path = "Preview Content";
			sourceTree = "<group>";
		};
		594D34CE29B195550021ED55 /* Frameworks */ = {
			isa = PBXGroup;
			children = (
				594D34CF29B195550021ED55 /* Cocoa.framework */,
				594D34D129B195550021ED55 /* XcodeKit.framework */,
			);
			name = Frameworks;
			sourceTree = "<group>";
		};
		594D34D329B195550021ED55 /* XcodeExtension */ = {
			isa = PBXGroup;
			children = (
				594D34D429B195550021ED55 /* SourceEditorExtension.swift */,
				5986C8F929B97E2E00AD8829 /* Burner.swift */,
				594D34D629B195550021ED55 /* BurnSWIFT.swift */,
				591C346129B6DC0E00EAA454 /* BurnOBJECTIVEC.swift */,
				594D34D829B195550021ED55 /* Info.plist */,
				594D34D929B195550021ED55 /* XcodeExtension.entitlements */,
			);
			path = XcodeExtension;
			sourceTree = "<group>";
		};
		594D34E429B195760021ED55 /* Shared */ = {
			isa = PBXGroup;
			children = (
				5986C8EE29B8C75400AD8829 /* OpenAIResponseHandler.swift */,
				5986C8EA29B8C74A00AD8829 /* OpenAIConnector_Guts.swift */,
				5986C8E829B8C74A00AD8829 /* OpenAIConnector.swift */,
			);
			path = Shared;
			sourceTree = "<group>";
		};
/* End PBXGroup section */

/* Begin PBXNativeTarget section */
		594D34B629B195370021ED55 /* Afterburner */ = {
			isa = PBXNativeTarget;
			buildConfigurationList = 594D34C629B195380021ED55 /* Build configuration list for PBXNativeTarget "Afterburner" */;
			buildPhases = (
				594D34B329B195370021ED55 /* Sources */,
				594D34B429B195370021ED55 /* Frameworks */,
				594D34B529B195370021ED55 /* Resources */,
				594D34E029B195550021ED55 /* Embed Foundation Extensions */,
			);
			buildRules = (
			);
			dependencies = (
				594D34DB29B195550021ED55 /* PBXTargetDependency */,
			);
			name = Afterburner;
			packageProductDependencies = (
			);
			productName = Wingman;
			productReference = 594D34B729B195370021ED55 /* Afterburner.app */;
			productType = "com.apple.product-type.application";
		};
		594D34CC29B195550021ED55 /* Afterburner For Xcode */ = {
			isa = PBXNativeTarget;
			buildConfigurationList = 594D34DD29B195550021ED55 /* Build configuration list for PBXNativeTarget "Afterburner For Xcode" */;
			buildPhases = (
				594D34C929B195550021ED55 /* Sources */,
				594D34CA29B195550021ED55 /* Frameworks */,
				594D34CB29B195550021ED55 /* Resources */,
				594D34E329B1955A0021ED55 /* Embed Frameworks */,
			);
			buildRules = (
			);
			dependencies = (
			);
			name = "Afterburner For Xcode";
			packageProductDependencies = (
			);
			productName = XcodeExtension;
			productReference = 594D34CD29B195550021ED55 /* Afterburner For Xcode.appex */;
			productType = "com.apple.product-type.xcode-extension";
		};
/* End PBXNativeTarget section */

/* Begin PBXProject section */
		594D34AF29B195370021ED55 /* Project object */ = {
			isa = PBXProject;
			attributes = {
				BuildIndependentTargetsInParallel = 1;
				LastSwiftUpdateCheck = 1420;
				LastUpgradeCheck = 1420;
				TargetAttributes = {
					594D34B629B195370021ED55 = {
						CreatedOnToolsVersion = 14.2;
					};
					594D34CC29B195550021ED55 = {
						CreatedOnToolsVersion = 14.2;
					};
				};
			};
			buildConfigurationList = 594D34B229B195370021ED55 /* Build configuration list for PBXProject "Afterburner" */;
			compatibilityVersion = "Xcode 13.0";
			developmentRegion = en;
			hasScannedForEncodings = 0;
			knownRegions = (
				en,
				Base,
			);
			mainGroup = 594D34AE29B195370021ED55;
			packageReferences = (
			);
			productRefGroup = 594D34B829B195370021ED55 /* Products */;
			projectDirPath = "";
			projectRoot = "";
			targets = (
				594D34B629B195370021ED55 /* Afterburner */,
				594D34CC29B195550021ED55 /* Afterburner For Xcode */,
			);
		};
/* End PBXProject section */

/* Begin PBXResourcesBuildPhase section */
		594D34B529B195370021ED55 /* Resources */ = {
			isa = PBXResourcesBuildPhase;
			buildActionMask = 2147483647;
			files = (
				594D34C229B195380021ED55 /* Preview Assets.xcassets in Resources */,
				594D34BF29B195380021ED55 /* Assets.xcassets in Resources */,
			);
			runOnlyForDeploymentPostprocessing = 0;
		};
		594D34CB29B195550021ED55 /* Resources */ = {
			isa = PBXResourcesBuildPhase;
			buildActionMask = 2147483647;
			files = (
			);
			runOnlyForDeploymentPostprocessing = 0;
		};
/* End PBXResourcesBuildPhase section */

/* Begin PBXSourcesBuildPhase section */
		594D34B329B195370021ED55 /* Sources */ = {
			isa = PBXSourcesBuildPhase;
			buildActionMask = 2147483647;
			files = (
				5986C8ED29B8C74B00AD8829 /* OpenAIConnector_Guts.swift in Sources */,
				594D34BD29B195370021ED55 /* ContentView.swift in Sources */,
				5986C8EF29B8C75400AD8829 /* OpenAIResponseHandler.swift in Sources */,
				594D34BB29B195370021ED55 /* AfterburnerApp.swift in Sources */,
				5986C8EB29B8C74B00AD8829 /* OpenAIConnector.swift in Sources */,
			);
			runOnlyForDeploymentPostprocessing = 0;
		};
		594D34C929B195550021ED55 /* Sources */ = {
			isa = PBXSourcesBuildPhase;
			buildActionMask = 2147483647;
			files = (
				5986C8F129B8C78500AD8829 /* OpenAIConnector_Guts.swift in Sources */,
				594D34D529B195550021ED55 /* SourceEditorExtension.swift in Sources */,
				5986C8FA29B97E2E00AD8829 /* Burner.swift in Sources */,
				5986C8F029B8C78300AD8829 /* OpenAIConnector.swift in Sources */,
				594D34D729B195550021ED55 /* BurnSWIFT.swift in Sources */,
				5986C8F229B8C78800AD8829 /* OpenAIResponseHandler.swift in Sources */,
				591C346329B6DC0E00EAA454 /* BurnOBJECTIVEC.swift in Sources */,
			);
			runOnlyForDeploymentPostprocessing = 0;
		};
/* End PBXSourcesBuildPhase section */

/* Begin PBXTargetDependency section */
		594D34DB29B195550021ED55 /* PBXTargetDependency */ = {
			isa = PBXTargetDependency;
			target = 594D34CC29B195550021ED55 /* Afterburner For Xcode */;
			targetProxy = 594D34DA29B195550021ED55 /* PBXContainerItemProxy */;
		};
/* End PBXTargetDependency section */

/* Begin XCBuildConfiguration section */
		594D34C429B195380021ED55 /* Debug */ = {
			isa = XCBuildConfiguration;
			buildSettings = {
				ALWAYS_SEARCH_USER_PATHS = NO;
				CLANG_ANALYZER_NONNULL = YES;
				CLANG_ANALYZER_NUMBER_OBJECT_CONVERSION = YES_AGGRESSIVE;
				CLANG_CXX_LANGUAGE_STANDARD = "gnu++20";
				CLANG_ENABLE_MODULES = YES;
				CLANG_ENABLE_OBJC_ARC = YES;
				CLANG_ENABLE_OBJC_WEAK = YES;
				CLANG_WARN_BLOCK_CAPTURE_AUTORELEASING = YES;
				CLANG_WARN_BOOL_CONVERSION = YES;
				CLANG_WARN_COMMA = YES;
				CLANG_WARN_CONSTANT_CONVERSION = YES;
				CLANG_WARN_DEPRECATED_OBJC_IMPLEMENTATIONS = YES;
				CLANG_WARN_DIRECT_OBJC_ISA_USAGE = YES_ERROR;
				CLANG_WARN_DOCUMENTATION_COMMENTS = YES;
				CLANG_WARN_EMPTY_BODY = YES;
				CLANG_WARN_ENUM_CONVERSION = YES;
				CLANG_WARN_INFINITE_RECURSION = YES;
				CLANG_WARN_INT_CONVERSION = YES;
				CLANG_WARN_NON_LITERAL_NULL_CONVERSION = YES;
				CLANG_WARN_OBJC_IMPLICIT_RETAIN_SELF = YES;
				CLANG_WARN_OBJC_LITERAL_CONVERSION = YES;
				CLANG_WARN_OBJC_ROOT_CLASS = YES_ERROR;
				CLANG_WARN_QUOTED_INCLUDE_IN_FRAMEWORK_HEADER = YES;
				CLANG_WARN_RANGE_LOOP_ANALYSIS = YES;
				CLANG_WARN_STRICT_PROTOTYPES = YES;
				CLANG_WARN_SUSPICIOUS_MOVE = YES;
				CLANG_WARN_UNGUARDED_AVAILABILITY = YES_AGGRESSIVE;
				CLANG_WARN_UNREACHABLE_CODE = YES;
				CLANG_WARN__DUPLICATE_METHOD_MATCH = YES;
				COPY_PHASE_STRIP = NO;
				DEBUG_INFORMATION_FORMAT = dwarf;
				ENABLE_STRICT_OBJC_MSGSEND = YES;
				ENABLE_TESTABILITY = YES;
				GCC_C_LANGUAGE_STANDARD = gnu11;
				GCC_DYNAMIC_NO_PIC = NO;
				GCC_NO_COMMON_BLOCKS = YES;
				GCC_OPTIMIZATION_LEVEL = 0;
				GCC_PREPROCESSOR_DEFINITIONS = (
					"DEBUG=1",
					"$(inherited)",
				);
				GCC_WARN_64_TO_32_BIT_CONVERSION = YES;
				GCC_WARN_ABOUT_RETURN_TYPE = YES_ERROR;
				GCC_WARN_UNDECLARED_SELECTOR = YES;
				GCC_WARN_UNINITIALIZED_AUTOS = YES_AGGRESSIVE;
				GCC_WARN_UNUSED_FUNCTION = YES;
				GCC_WARN_UNUSED_VARIABLE = YES;
				MACOSX_DEPLOYMENT_TARGET = 12.0;
				MTL_ENABLE_DEBUG_INFO = INCLUDE_SOURCE;
				MTL_FAST_MATH = YES;
				ONLY_ACTIVE_ARCH = YES;
				SDKROOT = macosx;
				SWIFT_ACTIVE_COMPILATION_CONDITIONS = DEBUG;
				SWIFT_OPTIMIZATION_LEVEL = "-Onone";
			};
			name = Debug;
		};
		594D34C529B195380021ED55 /* Release */ = {
			isa = XCBuildConfiguration;
			buildSettings = {
				ALWAYS_SEARCH_USER_PATHS = NO;
				CLANG_ANALYZER_NONNULL = YES;
				CLANG_ANALYZER_NUMBER_OBJECT_CONVERSION = YES_AGGRESSIVE;
				CLANG_CXX_LANGUAGE_STANDARD = "gnu++20";
				CLANG_ENABLE_MODULES = YES;
				CLANG_ENABLE_OBJC_ARC = YES;
				CLANG_ENABLE_OBJC_WEAK = YES;
				CLANG_WARN_BLOCK_CAPTURE_AUTORELEASING = YES;
				CLANG_WARN_BOOL_CONVERSION = YES;
				CLANG_WARN_COMMA = YES;
				CLANG_WARN_CONSTANT_CONVERSION = YES;
				CLANG_WARN_DEPRECATED_OBJC_IMPLEMENTATIONS = YES;
				CLANG_WARN_DIRECT_OBJC_ISA_USAGE = YES_ERROR;
				CLANG_WARN_DOCUMENTATION_COMMENTS = YES;
				CLANG_WARN_EMPTY_BODY = YES;
				CLANG_WARN_ENUM_CONVERSION = YES;
				CLANG_WARN_INFINITE_RECURSION = YES;
				CLANG_WARN_INT_CONVERSION = YES;
				CLANG_WARN_NON_LITERAL_NULL_CONVERSION = YES;
				CLANG_WARN_OBJC_IMPLICIT_RETAIN_SELF = YES;
				CLANG_WARN_OBJC_LITERAL_CONVERSION = YES;
				CLANG_WARN_OBJC_ROOT_CLASS = YES_ERROR;
				CLANG_WARN_QUOTED_INCLUDE_IN_FRAMEWORK_HEADER = YES;
				CLANG_WARN_RANGE_LOOP_ANALYSIS = YES;
				CLANG_WARN_STRICT_PROTOTYPES = YES;
				CLANG_WARN_SUSPICIOUS_MOVE = YES;
				CLANG_WARN_UNGUARDED_AVAILABILITY = YES_AGGRESSIVE;
				CLANG_WARN_UNREACHABLE_CODE = YES;
				CLANG_WARN__DUPLICATE_METHOD_MATCH = YES;
				COPY_PHASE_STRIP = NO;
				DEBUG_INFORMATION_FORMAT = "dwarf-with-dsym";
				ENABLE_NS_ASSERTIONS = NO;
				ENABLE_STRICT_OBJC_MSGSEND = YES;
				GCC_C_LANGUAGE_STANDARD = gnu11;
				GCC_NO_COMMON_BLOCKS = YES;
				GCC_WARN_64_TO_32_BIT_CONVERSION = YES;
				GCC_WARN_ABOUT_RETURN_TYPE = YES_ERROR;
				GCC_WARN_UNDECLARED_SELECTOR = YES;
				GCC_WARN_UNINITIALIZED_AUTOS = YES_AGGRESSIVE;
				GCC_WARN_UNUSED_FUNCTION = YES;
				GCC_WARN_UNUSED_VARIABLE = YES;
				MACOSX_DEPLOYMENT_TARGET = 12.0;
				MTL_ENABLE_DEBUG_INFO = NO;
				MTL_FAST_MATH = YES;
				SDKROOT = macosx;
				SWIFT_COMPILATION_MODE = wholemodule;
				SWIFT_OPTIMIZATION_LEVEL = "-O";
			};
			name = Release;
		};
		594D34C729B195380021ED55 /* Debug */ = {
			isa = XCBuildConfiguration;
			buildSettings = {
				ALWAYS_EMBED_SWIFT_STANDARD_LIBRARIES = YES;
				ASSETCATALOG_COMPILER_APPICON_NAME = AppIcon;
				ASSETCATALOG_COMPILER_GLOBAL_ACCENT_COLOR_NAME = AccentColor;
				CODE_SIGN_ENTITLEMENTS = Afterburner/Entitlements.entitlements;
				"CODE_SIGN_IDENTITY[sdk=macosx*]" = "Apple Development";
				CODE_SIGN_STYLE = Automatic;
				COMBINE_HIDPI_IMAGES = YES;
				CURRENT_PROJECT_VERSION = 1;
				DEVELOPMENT_ASSET_PATHS = "\"Afterburner/Preview Content\"";
				DEVELOPMENT_TEAM = E2RJE8M8Y3;
				ENABLE_HARDENED_RUNTIME = YES;
				ENABLE_PREVIEWS = YES;
				GENERATE_INFOPLIST_FILE = YES;
				INFOPLIST_KEY_CFBundleDisplayName = Afterburner;
				INFOPLIST_KEY_LSApplicationCategoryType = "public.app-category.developer-tools";
				INFOPLIST_KEY_NSHumanReadableCopyright = "";
				LD_RUNPATH_SEARCH_PATHS = (
					"$(inherited)",
					"@executable_path/../Frameworks",
				);
				MACOSX_DEPLOYMENT_TARGET = 12.0;
				MARKETING_VERSION = 1.0.1;
				PRODUCT_BUNDLE_IDENTIFIER = com.devdude.afterburner;
				PRODUCT_NAME = "$(TARGET_NAME)";
				SWIFT_EMIT_LOC_STRINGS = YES;
				SWIFT_VERSION = 5.0;
			};
			name = Debug;
		};
		594D34C829B195380021ED55 /* Release */ = {
			isa = XCBuildConfiguration;
			buildSettings = {
				ALWAYS_EMBED_SWIFT_STANDARD_LIBRARIES = YES;
				ASSETCATALOG_COMPILER_APPICON_NAME = AppIcon;
				ASSETCATALOG_COMPILER_GLOBAL_ACCENT_COLOR_NAME = AccentColor;
				CODE_SIGN_ENTITLEMENTS = Afterburner/Entitlements.entitlements;
				"CODE_SIGN_IDENTITY[sdk=macosx*]" = "Apple Development";
				CODE_SIGN_STYLE = Automatic;
				COMBINE_HIDPI_IMAGES = YES;
				CURRENT_PROJECT_VERSION = 1;
				DEVELOPMENT_ASSET_PATHS = "\"Afterburner/Preview Content\"";
				DEVELOPMENT_TEAM = E2RJE8M8Y3;
				ENABLE_HARDENED_RUNTIME = YES;
				ENABLE_PREVIEWS = YES;
				GENERATE_INFOPLIST_FILE = YES;
				INFOPLIST_KEY_CFBundleDisplayName = Afterburner;
				INFOPLIST_KEY_LSApplicationCategoryType = "public.app-category.developer-tools";
				INFOPLIST_KEY_NSHumanReadableCopyright = "";
				LD_RUNPATH_SEARCH_PATHS = (
					"$(inherited)",
					"@executable_path/../Frameworks",
				);
				MACOSX_DEPLOYMENT_TARGET = 12.0;
				MARKETING_VERSION = 1.0.1;
				PRODUCT_BUNDLE_IDENTIFIER = com.devdude.afterburner;
				PRODUCT_NAME = "$(TARGET_NAME)";
				SWIFT_EMIT_LOC_STRINGS = YES;
				SWIFT_VERSION = 5.0;
			};
			name = Release;
		};
		594D34DE29B195550021ED55 /* Debug */ = {
			isa = XCBuildConfiguration;
			buildSettings = {
				CODE_SIGN_ENTITLEMENTS = XcodeExtension/XcodeExtension.entitlements;
				CODE_SIGN_STYLE = Automatic;
				COMBINE_HIDPI_IMAGES = YES;
				CURRENT_PROJECT_VERSION = 1;
				DEVELOPMENT_TEAM = E2RJE8M8Y3;
				ENABLE_HARDENED_RUNTIME = YES;
				GENERATE_INFOPLIST_FILE = YES;
				INFOPLIST_FILE = XcodeExtension/Info.plist;
				INFOPLIST_KEY_CFBundleDisplayName = XcodeExtension;
				INFOPLIST_KEY_NSHumanReadableCopyright = "";
				LD_RUNPATH_SEARCH_PATHS = (
					"$(inherited)",
					"@executable_path/../Frameworks",
					"@executable_path/../../../../Frameworks",
				);
				MACOSX_DEPLOYMENT_TARGET = 12.0;
				MARKETING_VERSION = 1.0.1;
				PRODUCT_BUNDLE_IDENTIFIER = com.devdude.afterburner.XcodeExtension;
				PRODUCT_NAME = "$(TARGET_NAME)";
				SKIP_INSTALL = YES;
				SWIFT_EMIT_LOC_STRINGS = YES;
				SWIFT_VERSION = 5.0;
			};
			name = Debug;
		};
		594D34DF29B195550021ED55 /* Release */ = {
			isa = XCBuildConfiguration;
			buildSettings = {
				CODE_SIGN_ENTITLEMENTS = XcodeExtension/XcodeExtension.entitlements;
				CODE_SIGN_STYLE = Automatic;
				COMBINE_HIDPI_IMAGES = YES;
				CURRENT_PROJECT_VERSION = 1;
				DEVELOPMENT_TEAM = E2RJE8M8Y3;
				ENABLE_HARDENED_RUNTIME = YES;
				GENERATE_INFOPLIST_FILE = YES;
				INFOPLIST_FILE = XcodeExtension/Info.plist;
				INFOPLIST_KEY_CFBundleDisplayName = XcodeExtension;
				INFOPLIST_KEY_NSHumanReadableCopyright = "";
				LD_RUNPATH_SEARCH_PATHS = (
					"$(inherited)",
					"@executable_path/../Frameworks",
					"@executable_path/../../../../Frameworks",
				);
				MACOSX_DEPLOYMENT_TARGET = 12.0;
				MARKETING_VERSION = 1.0.1;
				PRODUCT_BUNDLE_IDENTIFIER = com.devdude.afterburner.XcodeExtension;
				PRODUCT_NAME = "$(TARGET_NAME)";
				SKIP_INSTALL = YES;
				SWIFT_EMIT_LOC_STRINGS = YES;
				SWIFT_VERSION = 5.0;
			};
			name = Release;
		};
/* End XCBuildConfiguration section */

/* Begin XCConfigurationList section */
		594D34B229B195370021ED55 /* Build configuration list for PBXProject "Afterburner" */ = {
			isa = XCConfigurationList;
			buildConfigurations = (
				594D34C429B195380021ED55 /* Debug */,
				594D34C529B195380021ED55 /* Release */,
			);
			defaultConfigurationIsVisible = 0;
			defaultConfigurationName = Release;
		};
		594D34C629B195380021ED55 /* Build configuration list for PBXNativeTarget "Afterburner" */ = {
			isa = XCConfigurationList;
			buildConfigurations = (
				594D34C729B195380021ED55 /* Debug */,
				594D34C829B195380021ED55 /* Release */,
			);
			defaultConfigurationIsVisible = 0;
			defaultConfigurationName = Release;
		};
		594D34DD29B195550021ED55 /* Build configuration list for PBXNativeTarget "Afterburner For Xcode" */ = {
			isa = XCConfigurationList;
			buildConfigurations = (
				594D34DE29B195550021ED55 /* Debug */,
				594D34DF29B195550021ED55 /* Release */,
			);
			defaultConfigurationIsVisible = 0;
			defaultConfigurationName = Release;
		};
/* End XCConfigurationList section */
	};
	rootObject = 594D34AF29B195370021ED55 /* Project object */;
}
